
Microsoft Visual Studio Solution File, Format Version 12.00
# Visual Studio 15
VisualStudioVersion = 15.0.27130.2036
MinimumVisualStudioVersion = 10.0.40219.1
Project("{FAE04EC0-301F-11D3-BF4B-00C04F79EFBC}") = "HelloWorldConsole", "HelloWorldConsole\HelloWorldConsole.csproj", "{94C1F5B3-204A-4B94-A8E5-C9A3EC9E9880}"
EndProject
Global
	GlobalSection(SolutionConfigurationPlatforms) = preSolution
		Debug|Any CPU = Debug|Any CPU
		Release|Any CPU = Release|Any CPU
	EndGlobalSection
	GlobalSection(ProjectConfigurationPlatforms) = postSolution
		{94C1F5B3-204A-4B94-A8E5-C9A3EC9E9880}.Debug|Any CPU.ActiveCfg = Debug|Any CPU
		{94C1F5B3-204A-4B94-A8E5-C9A3EC9E9880}.Debug|Any CPU.Build.0 = Debug|Any CPU
		{94C1F5B3-204A-4B94-A8E5-C9A3EC9E9880}.Release|Any CPU.ActiveCfg = Release|Any CPU
		{94C1F5B3-204A-4B94-A8E5-C9A3EC9E9880}.Release|Any CPU.Build.0 = Release|Any CPU
	EndGlobalSection
	GlobalSection(SolutionProperties) = preSolution
		HideSolutionNode = FALSE
	EndGlobalSection
	GlobalSection(ExtensibilityGlobals) = postSolution
		SolutionGuid = {E5E722DF-23B7-4D76-92CC-DA480E0A859D}
	EndGlobalSection
	GlobalSection(TeamFoundationVersionControl) = preSolution
		SccNumberOfProjects = 2
		SccEnterpriseProvider = {4CA58AB2-18FA-4F8D-95D4-32DDF27D184C}
		SccTeamFoundationServer = https://rishikeshjadhav.visualstudio.com/
		SccLocalPath0 = .
		SccProjectUniqueName1 = HelloWorldConsole\\HelloWorldConsole.csproj
		SccProjectName1 = HelloWorldConsole
		SccLocalPath1 = HelloWorldConsole
	EndGlobalSection
EndGlobal
